{
  "version": 4,
  "terraform_version": "1.8.5",
  "serial": 3,
  "lineage": "daddf25b-7a71-0946-82ed-1663b258fdd9",
  "outputs": {},
  "resources": [
    {
      "mode": "managed",
      "type": "github_repository",
      "name": "terraform-test-repo",
      "provider": "provider[\"registry.terraform.io/hashicorp/github\"]",
      "instances": [
        {
          "schema_version": 1,
          "attributes": {
            "allow_auto_merge": false,
            "allow_merge_commit": true,
            "allow_rebase_merge": true,
            "allow_squash_merge": true,
            "allow_update_branch": false,
            "archive_on_destroy": null,
            "archived": false,
            "auto_init": true,
            "default_branch": "main",
            "delete_branch_on_merge": false,
            "description": "terraform-test-repo",
            "etag": "W/\"6f13e004cd688cd7bcd1520f90314e3b4f1741a0223b842e608b6d06c4a96852\"",
            "full_name": "sahilk020/terraform-test-repo",
            "git_clone_url": "git://github.com/sahilk020/terraform-test-repo.git",
            "gitignore_template": null,
            "has_discussions": false,
            "has_downloads": false,
            "has_issues": false,
            "has_projects": false,
            "has_wiki": false,
            "homepage_url": "",
            "html_url": "https://github.com/sahilk020/terraform-test-repo",
            "http_clone_url": "https://github.com/sahilk020/terraform-test-repo.git",
            "id": "terraform-test-repo",
            "ignore_vulnerability_alerts_during_read": null,
            "is_template": false,
            "license_template": null,
            "merge_commit_message": "PR_TITLE",
            "merge_commit_title": "MERGE_MESSAGE",
            "name": "terraform-test-repo",
            "node_id": "R_kgDOMeEJrA",
            "pages": [],
            "primary_language": "",
            "private": false,
            "repo_id": 836831660,
            "security_and_analysis": [
              {
                "advanced_security": [],
                "secret_scanning": [
                  {
                    "status": "enabled"
                  }
                ],
                "secret_scanning_push_protection": [
                  {
                    "status": "enabled"
                  }
                ]
              }
            ],
            "squash_merge_commit_message": "COMMIT_MESSAGES",
            "squash_merge_commit_title": "COMMIT_OR_PR_TITLE",
            "ssh_clone_url": "git@github.com:sahilk020/terraform-test-repo.git",
            "svn_url": "https://github.com/sahilk020/terraform-test-repo",
            "template": [],
            "topics": [],
            "visibility": "public",
            "vulnerability_alerts": false,
            "web_commit_signoff_required": false
          },
          "sensitive_attributes": [],
          "private": "eyJzY2hlbWFfdmVyc2lvbiI6IjEifQ=="
        }
      ]
    }
  ],
  "check_results": null
}
